
Microsoft Visual Studio Solution File, Format Version 12.00
# Visual Studio Version 17
VisualStudioVersion = 17.8.34525.116
MinimumVisualStudioVersion = 10.0.40219.1
Project("{888888A0-9F3D-457C-B088-3A5042F75D52}") = "CS50P Problem Set 2", "CS50P Problem Set 2\CS50P Problem Set 2.pyproj", "{AE9AA1AB-DDE9-472D-8144-BF865312928C}"
EndProject
Global
	GlobalSection(SolutionConfigurationPlatforms) = preSolution
		Debug|Any CPU = Debug|Any CPU
		Release|Any CPU = Release|Any CPU
	EndGlobalSection
	GlobalSection(ProjectConfigurationPlatforms) = postSolution
		{AE9AA1AB-DDE9-472D-8144-BF865312928C}.Debug|Any CPU.ActiveCfg = Debug|Any CPU
		{AE9AA1AB-DDE9-472D-8144-BF865312928C}.Release|Any CPU.ActiveCfg = Release|Any CPU
	EndGlobalSection
	GlobalSection(SolutionProperties) = preSolution
		HideSolutionNode = FALSE
	EndGlobalSection
	GlobalSection(ExtensibilityGlobals) = postSolution
		SolutionGuid = {57413005-0E91-4023-AA26-EBD7869B67F3}
	EndGlobalSection
EndGlobal
